{
  "name": "cidr",
  "lockfileVersion": 2,
  "requires": true,
  "packages": {
    "": {
      "dependencies": {
        "ip-matching": "^2.1.2"
      }
    },
    "node_modules/ip-matching": {
      "version": "2.1.2",
      "resolved": "https://registry.npmjs.org/ip-matching/-/ip-matching-2.1.2.tgz",
      "integrity": "sha512-/ok+VhKMasgR5gvTRViwRFQfc0qYt9Vdowg6TO4/pFlDCob5ZjGPkwuOoQVCd5OrMm20zqh+1vA8KLJZTeWudg=="
    }
  },
  "dependencies": {
    "ip-matching": {
      "version": "2.1.2",
      "resolved": "https://registry.npmjs.org/ip-matching/-/ip-matching-2.1.2.tgz",
      "integrity": "sha512-/ok+VhKMasgR5gvTRViwRFQfc0qYt9Vdowg6TO4/pFlDCob5ZjGPkwuOoQVCd5OrMm20zqh+1vA8KLJZTeWudg=="
    }
  }
}
